{
  "name": "restaurant",
  "lockfileVersion": 3,
  "requires": true,
  "packages": {
    "": {
      "dependencies": {
        "react-native-upi-payment": "^1.0.5"
      }
    },
    "node_modules/react-native-upi-payment": {
      "version": "1.0.5",
      "resolved": "https://registry.npmjs.org/react-native-upi-payment/-/react-native-upi-payment-1.0.5.tgz",
      "integrity": "sha512-5pouPlgFgucu04nuipi2R8Mc2K5uakmoa/QJJMmsfFCjEX06SJrA8WW7t2IeGKj/qpSjXeMhUlg6GHr76tQ7bg==",
      "license": "MIT"
    }
  }
}
